Microsoft Visual Studio Solution File, Format Version 12.00
# Visual Studio Version 17
VisualStudioVersion = 17.5.2.0
MinimumVisualStudioVersion = 10.0.40219.1
Project("{FAE04EC0-301F-11D3-BF4B-00C04F79EFBC}") = "University Student Service Prj", "University Student Service Prj.csproj", "{1B6A1348-4712-9612-11A4-292A29FF22D6}"
EndProject
Global
	GlobalSection(SolutionConfigurationPlatforms) = preSolution
		Debug|Any CPU = Debug|Any CPU
		Release|Any CPU = Release|Any CPU
	EndGlobalSection
	GlobalSection(ProjectConfigurationPlatforms) = postSolution
		{1B6A1348-4712-9612-11A4-292A29FF22D6}.Debug|Any CPU.ActiveCfg = Debug|Any CPU
		{1B6A1348-4712-9612-11A4-292A29FF22D6}.Debug|Any CPU.Build.0 = Debug|Any CPU
		{1B6A1348-4712-9612-11A4-292A29FF22D6}.Release|Any CPU.ActiveCfg = Release|Any CPU
		{1B6A1348-4712-9612-11A4-292A29FF22D6}.Release|Any CPU.Build.0 = Release|Any CPU
	EndGlobalSection
	GlobalSection(SolutionProperties) = preSolution
		HideSolutionNode = FALSE
	EndGlobalSection
	GlobalSection(ExtensibilityGlobals) = postSolution
		SolutionGuid = {D8C38759-F277-4BE8-84E8-C087864022F9}
	EndGlobalSection
EndGlobal
